
Microsoft Visual Studio Solution File, Format Version 12.00
# Visual Studio Version 17
VisualStudioVersion = 17.0.31903.59
MinimumVisualStudioVersion = 10.0.40219.1
Project("{FAE04EC0-301F-11D3-BF4B-00C04F79EFBC}") = "YawnBot", "YawnBot\YawnBot.csproj", "{57321BA3-E1E3-4A31-B261-CE0181145623}"
EndProject
Project("{FAE04EC0-301F-11D3-BF4B-00C04F79EFBC}") = "Launcher", "Launcher\Launcher.csproj", "{49A63773-1421-48E9-B90D-F013F278D86A}"
EndProject
Global
	GlobalSection(SolutionConfigurationPlatforms) = preSolution
		Debug|Any CPU = Debug|Any CPU
		Debug|x64 = Debug|x64
		Debug|x86 = Debug|x86
		Release|Any CPU = Release|Any CPU
		Release|x64 = Release|x64
		Release|x86 = Release|x86
	EndGlobalSection
	GlobalSection(ProjectConfigurationPlatforms) = postSolution
		{57321BA3-E1E3-4A31-B261-CE0181145623}.Debug|Any CPU.ActiveCfg = Debug|Any CPU
		{57321BA3-E1E3-4A31-B261-CE0181145623}.Debug|Any CPU.Build.0 = Debug|Any CPU
		{57321BA3-E1E3-4A31-B261-CE0181145623}.Debug|x64.ActiveCfg = Debug|Any CPU
		{57321BA3-E1E3-4A31-B261-CE0181145623}.Debug|x64.Build.0 = Debug|Any CPU
		{57321BA3-E1E3-4A31-B261-CE0181145623}.Debug|x86.ActiveCfg = Debug|Any CPU
		{57321BA3-E1E3-4A31-B261-CE0181145623}.Debug|x86.Build.0 = Debug|Any CPU
		{57321BA3-E1E3-4A31-B261-CE0181145623}.Release|Any CPU.ActiveCfg = Release|Any CPU
		{57321BA3-E1E3-4A31-B261-CE0181145623}.Release|Any CPU.Build.0 = Release|Any CPU
		{57321BA3-E1E3-4A31-B261-CE0181145623}.Release|x64.ActiveCfg = Release|Any CPU
		{57321BA3-E1E3-4A31-B261-CE0181145623}.Release|x64.Build.0 = Release|Any CPU
		{57321BA3-E1E3-4A31-B261-CE0181145623}.Release|x86.ActiveCfg = Release|Any CPU
		{57321BA3-E1E3-4A31-B261-CE0181145623}.Release|x86.Build.0 = Release|Any CPU
		{49A63773-1421-48E9-B90D-F013F278D86A}.Debug|Any CPU.ActiveCfg = Debug|Any CPU
		{49A63773-1421-48E9-B90D-F013F278D86A}.Debug|Any CPU.Build.0 = Debug|Any CPU
		{49A63773-1421-48E9-B90D-F013F278D86A}.Debug|x64.ActiveCfg = Debug|Any CPU
		{49A63773-1421-48E9-B90D-F013F278D86A}.Debug|x64.Build.0 = Debug|Any CPU
		{49A63773-1421-48E9-B90D-F013F278D86A}.Debug|x86.ActiveCfg = Debug|Any CPU
		{49A63773-1421-48E9-B90D-F013F278D86A}.Debug|x86.Build.0 = Debug|Any CPU
		{49A63773-1421-48E9-B90D-F013F278D86A}.Release|Any CPU.ActiveCfg = Release|Any CPU
		{49A63773-1421-48E9-B90D-F013F278D86A}.Release|Any CPU.Build.0 = Release|Any CPU
		{49A63773-1421-48E9-B90D-F013F278D86A}.Release|x64.ActiveCfg = Release|Any CPU
		{49A63773-1421-48E9-B90D-F013F278D86A}.Release|x64.Build.0 = Release|Any CPU
		{49A63773-1421-48E9-B90D-F013F278D86A}.Release|x86.ActiveCfg = Release|Any CPU
		{49A63773-1421-48E9-B90D-F013F278D86A}.Release|x86.Build.0 = Release|Any CPU
	EndGlobalSection
	GlobalSection(SolutionProperties) = preSolution
		HideSolutionNode = FALSE
	EndGlobalSection
EndGlobal
